{
  "requires": true,
  "lockfileVersion": 1,
  "dependencies": {
    "tld-extract": {
      "version": "2.0.1",
      "resolved": "https://registry.npmjs.org/tld-extract/-/tld-extract-2.0.1.tgz",
      "integrity": "sha512-rBxXLGshQa5vRHUJXZj3OBf4EFRDas2tlnlrj9CHAHIxfqnnbktuNDp7Jf6ajZ6Nf25VnhPqmP03v//nFNJVfA=="
    }
  }
}
